// !$*UTF8*$!
{
	archiveVersion = 1;
	classes = {
	};
	objectVersion = 50;
	objects = {

/* Begin PBXBuildFile section */
		49BD72D42327428C00BE8ED1 /* CardCellView.swift in Sources */ = {isa = PBXBuildFile; fileRef = 49BD72D32327428C00BE8ED1 /* CardCellView.swift */; };
		49BD72D623277C9700BE8ED1 /* Data.swift in Sources */ = {isa = PBXBuildFile; fileRef = 49BD72D523277C9700BE8ED1 /* Data.swift */; };
		49BD72D823279DB400BE8ED1 /* CardDetailsView.swift in Sources */ = {isa = PBXBuildFile; fileRef = 49BD72D723279DB400BE8ED1 /* CardDetailsView.swift */; };
		49C6DB39232D246000D8A13E /* CardCellState.swift in Sources */ = {isa = PBXBuildFile; fileRef = 49C6DB38232D246000D8A13E /* CardCellState.swift */; };
		CBB61071232559BC007D5D65 /* AppDelegate.swift in Sources */ = {isa = PBXBuildFile; fileRef = CBB61070232559BC007D5D65 /* AppDelegate.swift */; };
		CBB61073232559BC007D5D65 /* SceneDelegate.swift in Sources */ = {isa = PBXBuildFile; fileRef = CBB61072232559BC007D5D65 /* SceneDelegate.swift */; };
		CBB61075232559BC007D5D65 /* ContentView.swift in Sources */ = {isa = PBXBuildFile; fileRef = CBB61074232559BC007D5D65 /* ContentView.swift */; };
		CBB61077232559BF007D5D65 /* Assets.xcassets in Resources */ = {isa = PBXBuildFile; fileRef = CBB61076232559BF007D5D65 /* Assets.xcassets */; };
		CBB6107A232559BF007D5D65 /* Preview Assets.xcassets in Resources */ = {isa = PBXBuildFile; fileRef = CBB61079232559BF007D5D65 /* Preview Assets.xcassets */; };
		CBB6107D232559BF007D5D65 /* LaunchScreen.storyboard in Resources */ = {isa = PBXBuildFile; fileRef = CBB6107B232559BF007D5D65 /* LaunchScreen.storyboard */; };
/* End PBXBuildFile section */

/* Begin PBXFileReference section */
		49BD72D32327428C00BE8ED1 /* CardCellView.swift */ = {isa = PBXFileReference; lastKnownFileType = sourcecode.swift; path = CardCellView.swift; sourceTree = "<group>"; };
		49BD72D523277C9700BE8ED1 /* Data.swift */ = {isa = PBXFileReference; lastKnownFileType = sourcecode.swift; path = Data.swift; sourceTree = "<group>"; };
		49BD72D723279DB400BE8ED1 /* CardDetailsView.swift */ = {isa = PBXFileReference; lastKnownFileType = sourcecode.swift; path = CardDetailsView.swift; sourceTree = "<group>"; };
		49C6DB38232D246000D8A13E /* CardCellState.swift */ = {isa = PBXFileReference; lastKnownFileType = sourcecode.swift; path = CardCellState.swift; sourceTree = "<group>"; };
		CBB6106D232559BC007D5D65 /* AppStoreLikeAnimation.app */ = {isa = PBXFileReference; explicitFileType = wrapper.application; includeInIndex = 0; path = AppStoreLikeAnimation.app; sourceTree = BUILT_PRODUCTS_DIR; };
		CBB61070232559BC007D5D65 /* AppDelegate.swift */ = {isa = PBXFileReference; lastKnownFileType = sourcecode.swift; path = AppDelegate.swift; sourceTree = "<group>"; };
		CBB61072232559BC007D5D65 /* SceneDelegate.swift */ = {isa = PBXFileReference; lastKnownFileType = sourcecode.swift; path = SceneDelegate.swift; sourceTree = "<group>"; };
		CBB61074232559BC007D5D65 /* ContentView.swift */ = {isa = PBXFileReference; lastKnownFileType = sourcecode.swift; path = ContentView.swift; sourceTree = "<group>"; };
		CBB61076232559BF007D5D65 /* Assets.xcassets */ = {isa = PBXFileReference; lastKnownFileType = folder.assetcatalog; path = Assets.xcassets; sourceTree = "<group>"; };
		CBB61079232559BF007D5D65 /* Preview Assets.xcassets */ = {isa = PBXFileReference; lastKnownFileType = folder.assetcatalog; path = "Preview Assets.xcassets"; sourceTree = "<group>"; };
		CBB6107C232559BF007D5D65 /* Base */ = {isa = PBXFileReference; lastKnownFileType = file.storyboard; name = Base; path = Base.lproj/LaunchScreen.storyboard; sourceTree = "<group>"; };
		CBB6107E232559BF007D5D65 /* Info.plist */ = {isa = PBXFileReference; lastKnownFileType = text.plist.xml; path = Info.plist; sourceTree = "<group>"; };
/* End PBXFileReference section */

/* Begin PBXFrameworksBuildPhase section */
		CBB6106A232559BC007D5D65 /* Frameworks */ = {
			isa = PBXFrameworksBuildPhase;
			buildActionMask = 2147483647;
			files = (
			);
			runOnlyForDeploymentPostprocessing = 0;
		};
/* End PBXFrameworksBuildPhase section */

/* Begin PBXGroup section */
		49BD72D22327427A00BE8ED1 /* Views */ = {
			isa = PBXGroup;
			children = (
				49BD72D32327428C00BE8ED1 /* CardCellView.swift */,
				49C6DB38232D246000D8A13E /* CardCellState.swift */,
				49BD72D723279DB400BE8ED1 /* CardDetailsView.swift */,
				49BD72D523277C9700BE8ED1 /* Data.swift */,
			);
			path = Views;
			sourceTree = "<group>";
		};
		CBB61064232559BC007D5D65 = {
			isa = PBXGroup;
			children = (
				CBB6106F232559BC007D5D65 /* AppStoreLikeAnimation */,
				CBB6106E232559BC007D5D65 /* Products */,
			);
			sourceTree = "<group>";
		};
		CBB6106E232559BC007D5D65 /* Products */ = {
			isa = PBXGroup;
			children = (
				CBB6106D232559BC007D5D65 /* AppStoreLikeAnimation.app */,
			);
			name = Products;
			sourceTree = "<group>";
		};
		CBB6106F232559BC007D5D65 /* AppStoreLikeAnimation */ = {
			isa = PBXGroup;
			children = (
				CBB61070232559BC007D5D65 /* AppDelegate.swift */,
				CBB61072232559BC007D5D65 /* SceneDelegate.swift */,
				CBB61074232559BC007D5D65 /* ContentView.swift */,
				49BD72D22327427A00BE8ED1 /* Views */,
				CBB61076232559BF007D5D65 /* Assets.xcassets */,
				CBB6107B232559BF007D5D65 /* LaunchScreen.storyboard */,
				CBB6107E232559BF007D5D65 /* Info.plist */,
				CBB61078232559BF007D5D65 /* Preview Content */,
			);
			path = AppStoreLikeAnimation;
			sourceTree = "<group>";
		};
		CBB61078232559BF007D5D65 /* Preview Content */ = {
			isa = PBXGroup;
			children = (
				CBB61079232559BF007D5D65 /* Preview Assets.xcassets */,
			);
			path = "Preview Content";
			sourceTree = "<group>";
		};
/* End PBXGroup section */

/* Begin PBXNativeTarget section */
		CBB6106C232559BC007D5D65 /* AppStoreLikeAnimation */ = {
			isa = PBXNativeTarget;
			buildConfigurationList = CBB61081232559BF007D5D65 /* Build configuration list for PBXNativeTarget "AppStoreLikeAnimation" */;
			buildPhases = (
				CBB61069232559BC007D5D65 /* Sources */,
				CBB6106A232559BC007D5D65 /* Frameworks */,
				CBB6106B232559BC007D5D65 /* Resources */,
			);
			buildRules = (
			);
			dependencies = (
			);
			name = AppStoreLikeAnimation;
			productName = AppStoreLikeAnimation;
			productReference = CBB6106D232559BC007D5D65 /* AppStoreLikeAnimation.app */;
			productType = "com.apple.product-type.application";
		};
/* End PBXNativeTarget section */

/* Begin PBXProject section */
		CBB61065232559BC007D5D65 /* Project object */ = {
			isa = PBXProject;
			attributes = {
				LastSwiftUpdateCheck = 1100;
				LastUpgradeCheck = 1100;
				ORGANIZATIONNAME = "Frad LEE";
				TargetAttributes = {
					CBB6106C232559BC007D5D65 = {
						CreatedOnToolsVersion = 11.0;
					};
				};
			};
			buildConfigurationList = CBB61068232559BC007D5D65 /* Build configuration list for PBXProject "AppStoreLikeAnimation" */;
			compatibilityVersion = "Xcode 9.3";
			developmentRegion = en;
			hasScannedForEncodings = 0;
			knownRegions = (
				en,
				Base,
			);
			mainGroup = CBB61064232559BC007D5D65;
			productRefGroup = CBB6106E232559BC007D5D65 /* Products */;
			projectDirPath = "";
			projectRoot = "";
			targets = (
				CBB6106C232559BC007D5D65 /* AppStoreLikeAnimation */,
			);
		};
/* End PBXProject section */

/* Begin PBXResourcesBuildPhase section */
		CBB6106B232559BC007D5D65 /* Resources */ = {
			isa = PBXResourcesBuildPhase;
			buildActionMask = 2147483647;
			files = (
				CBB6107D232559BF007D5D65 /* LaunchScreen.storyboard in Resources */,
				CBB6107A232559BF007D5D65 /* Preview Assets.xcassets in Resources */,
				CBB61077232559BF007D5D65 /* Assets.xcassets in Resources */,
			);
			runOnlyForDeploymentPostprocessing = 0;
		};
/* End PBXResourcesBuildPhase section */

/* Begin PBXSourcesBuildPhase section */
		CBB61069232559BC007D5D65 /* Sources */ = {
			isa = PBXSourcesBuildPhase;
			buildActionMask = 2147483647;
			files = (
				CBB61071232559BC007D5D65 /* AppDelegate.swift in Sources */,
				49BD72D823279DB400BE8ED1 /* CardDetailsView.swift in Sources */,
				49BD72D623277C9700BE8ED1 /* Data.swift in Sources */,
				CBB61073232559BC007D5D65 /* SceneDelegate.swift in Sources */,
				49C6DB39232D246000D8A13E /* CardCellState.swift in Sources */,
				49BD72D42327428C00BE8ED1 /* CardCellView.swift in Sources */,
				CBB61075232559BC007D5D65 /* ContentView.swift in Sources */,
			);
			runOnlyForDeploymentPostprocessing = 0;
		};
/* End PBXSourcesBuildPhase section */

/* Begin PBXVariantGroup section */
		CBB6107B232559BF007D5D65 /* LaunchScreen.storyboard */ = {
			isa = PBXVariantGroup;
			children = (
				CBB6107C232559BF007D5D65 /* Base */,
			);
			name = LaunchScreen.storyboard;
			sourceTree = "<group>";
		};
/* End PBXVariantGroup section */

/* Begin XCBuildConfiguration section */
		CBB6107F232559BF007D5D65 /* Debug */ = {
			isa = XCBuildConfiguration;
			buildSettings = {
				ALWAYS_SEARCH_USER_PATHS = NO;
				CLANG_ANALYZER_NONNULL = YES;
				CLANG_ANALYZER_NUMBER_OBJECT_CONVERSION = YES_AGGRESSIVE;
				CLANG_CXX_LANGUAGE_STANDARD = "gnu++14";
				CLANG_CXX_LIBRARY = "libc++";
				CLANG_ENABLE_MODULES = YES;
				CLANG_ENABLE_OBJC_ARC = YES;
				CLANG_ENABLE_OBJC_WEAK = YES;
				CLANG_WARN_BLOCK_CAPTURE_AUTORELEASING = YES;
				CLANG_WARN_BOOL_CONVERSION = YES;
				CLANG_WARN_COMMA = YES;
				CLANG_WARN_CONSTANT_CONVERSION = YES;
				CLANG_WARN_DEPRECATED_OBJC_IMPLEMENTATIONS = YES;
				CLANG_WARN_DIRECT_OBJC_ISA_USAGE = YES_ERROR;
				CLANG_WARN_DOCUMENTATION_COMMENTS = YES;
				CLANG_WARN_EMPTY_BODY = YES;
				CLANG_WARN_ENUM_CONVERSION = YES;
				CLANG_WARN_INFINITE_RECURSION = YES;
				CLANG_WARN_INT_CONVERSION = YES;
				CLANG_WARN_NON_LITERAL_NULL_CONVERSION = YES;
				CLANG_WARN_OBJC_IMPLICIT_RETAIN_SELF = YES;
				CLANG_WARN_OBJC_LITERAL_CONVERSION = YES;
				CLANG_WARN_OBJC_ROOT_CLASS = YES_ERROR;
				CLANG_WARN_RANGE_LOOP_ANALYSIS = YES;
				CLANG_WARN_STRICT_PROTOTYPES = YES;
				CLANG_WARN_SUSPICIOUS_MOVE = YES;
				CLANG_WARN_UNGUARDED_AVAILABILITY = YES_AGGRESSIVE;
				CLANG_WARN_UNREACHABLE_CODE = YES;
				CLANG_WARN__DUPLICATE_METHOD_MATCH = YES;
				COPY_PHASE_STRIP = NO;
				DEBUG_INFORMATION_FORMAT = dwarf;
				ENABLE_STRICT_OBJC_MSGSEND = YES;
				ENABLE_TESTABILITY = YES;
				GCC_C_LANGUAGE_STANDARD = gnu11;
				GCC_DYNAMIC_NO_PIC = NO;
				GCC_NO_COMMON_BLOCKS = YES;
				GCC_OPTIMIZATION_LEVEL = 0;
				GCC_PREPROCESSOR_DEFINITIONS = (
					"DEBUG=1",
					"$(inherited)",
				);
				GCC_WARN_64_TO_32_BIT_CONVERSION = YES;
				GCC_WARN_ABOUT_RETURN_TYPE = YES_ERROR;
				GCC_WARN_UNDECLARED_SELECTOR = YES;
				GCC_WARN_UNINITIALIZED_AUTOS = YES_AGGRESSIVE;
				GCC_WARN_UNUSED_FUNCTION = YES;
				GCC_WARN_UNUSED_VARIABLE = YES;
				IPHONEOS_DEPLOYMENT_TARGET = 13.0;
				MTL_ENABLE_DEBUG_INFO = INCLUDE_SOURCE;
				MTL_FAST_MATH = YES;
				ONLY_ACTIVE_ARCH = YES;
				SDKROOT = iphoneos;
				SWIFT_ACTIVE_COMPILATION_CONDITIONS = DEBUG;
				SWIFT_OPTIMIZATION_LEVEL = "-Onone";
			};
			name = Debug;
		};
		CBB61080232559BF007D5D65 /* Release */ = {
			isa = XCBuildConfiguration;
			buildSettings = {
				ALWAYS_SEARCH_USER_PATHS = NO;
				CLANG_ANALYZER_NONNULL = YES;
				CLANG_ANALYZER_NUMBER_OBJECT_CONVERSION = YES_AGGRESSIVE;
				CLANG_CXX_LANGUAGE_STANDARD = "gnu++14";
				CLANG_CXX_LIBRARY = "libc++";
				CLANG_ENABLE_MODULES = YES;
				CLANG_ENABLE_OBJC_ARC = YES;
				CLANG_ENABLE_OBJC_WEAK = YES;
				CLANG_WARN_BLOCK_CAPTURE_AUTORELEASING = YES;
				CLANG_WARN_BOOL_CONVERSION = YES;
				CLANG_WARN_COMMA = YES;
				CLANG_WARN_CONSTANT_CONVERSION = YES;
				CLANG_WARN_DEPRECATED_OBJC_IMPLEMENTATIONS = YES;
				CLANG_WARN_DIRECT_OBJC_ISA_USAGE = YES_ERROR;
				CLANG_WARN_DOCUMENTATION_COMMENTS = YES;
				CLANG_WARN_EMPTY_BODY = YES;
				CLANG_WARN_ENUM_CONVERSION = YES;
				CLANG_WARN_INFINITE_RECURSION = YES;
				CLANG_WARN_INT_CONVERSION = YES;
				CLANG_WARN_NON_LITERAL_NULL_CONVERSION = YES;
				CLANG_WARN_OBJC_IMPLICIT_RETAIN_SELF = YES;
				CLANG_WARN_OBJC_LITERAL_CONVERSION = YES;
				CLANG_WARN_OBJC_ROOT_CLASS = YES_ERROR;
				CLANG_WARN_RANGE_LOOP_ANALYSIS = YES;
				CLANG_WARN_STRICT_PROTOTYPES = YES;
				CLANG_WARN_SUSPICIOUS_MOVE = YES;
				CLANG_WARN_UNGUARDED_AVAILABILITY = YES_AGGRESSIVE;
				CLANG_WARN_UNREACHABLE_CODE = YES;
				CLANG_WARN__DUPLICATE_METHOD_MATCH = YES;
				COPY_PHASE_STRIP = NO;
				DEBUG_INFORMATION_FORMAT = "dwarf-with-dsym";
				ENABLE_NS_ASSERTIONS = NO;
				ENABLE_STRICT_OBJC_MSGSEND = YES;
				GCC_C_LANGUAGE_STANDARD = gnu11;
				GCC_NO_COMMON_BLOCKS = YES;
				GCC_WARN_64_TO_32_BIT_CONVERSION = YES;
				GCC_WARN_ABOUT_RETURN_TYPE = YES_ERROR;
				GCC_WARN_UNDECLARED_SELECTOR = YES;
				GCC_WARN_UNINITIALIZED_AUTOS = YES_AGGRESSIVE;
				GCC_WARN_UNUSED_FUNCTION = YES;
				GCC_WARN_UNUSED_VARIABLE = YES;
				IPHONEOS_DEPLOYMENT_TARGET = 13.0;
				MTL_ENABLE_DEBUG_INFO = NO;
				MTL_FAST_MATH = YES;
				SDKROOT = iphoneos;
				SWIFT_COMPILATION_MODE = wholemodule;
				SWIFT_OPTIMIZATION_LEVEL = "-O";
				VALIDATE_PRODUCT = YES;
			};
			name = Release;
		};
		CBB61082232559BF007D5D65 /* Debug */ = {
			isa = XCBuildConfiguration;
			buildSettings = {
				ASSETCATALOG_COMPILER_APPICON_NAME = AppIcon;
				CODE_SIGN_STYLE = Automatic;
				DEVELOPMENT_ASSET_PATHS = "AppStoreLikeAnimation/Preview\\ Content";
				DEVELOPMENT_TEAM = 6494F8NQFF;
				ENABLE_PREVIEWS = YES;
				INFOPLIST_FILE = AppStoreLikeAnimation/Info.plist;
				LD_RUNPATH_SEARCH_PATHS = (
					"$(inherited)",
					"@executable_path/Frameworks",
				);
				PRODUCT_BUNDLE_IDENTIFIER = me.frad.AppStoreLikeAnimation;
				PRODUCT_NAME = "$(TARGET_NAME)";
				SWIFT_VERSION = 5.0;
				TARGETED_DEVICE_FAMILY = "1,2";
			};
			name = Debug;
		};
		CBB61083232559BF007D5D65 /* Release */ = {
			isa = XCBuildConfiguration;
			buildSettings = {
				ASSETCATALOG_COMPILER_APPICON_NAME = AppIcon;
				CODE_SIGN_STYLE = Automatic;
				DEVELOPMENT_ASSET_PATHS = "AppStoreLikeAnimation/Preview\\ Content";
				DEVELOPMENT_TEAM = 6494F8NQFF;
				ENABLE_PREVIEWS = YES;
				INFOPLIST_FILE = AppStoreLikeAnimation/Info.plist;
				LD_RUNPATH_SEARCH_PATHS = (
					"$(inherited)",
					"@executable_path/Frameworks",
				);
				PRODUCT_BUNDLE_IDENTIFIER = me.frad.AppStoreLikeAnimation;
				PRODUCT_NAME = "$(TARGET_NAME)";
				SWIFT_VERSION = 5.0;
				TARGETED_DEVICE_FAMILY = "1,2";
			};
			name = Release;
		};
/* End XCBuildConfiguration section */

/* Begin XCConfigurationList section */
		CBB61068232559BC007D5D65 /* Build configuration list for PBXProject "AppStoreLikeAnimation" */ = {
			isa = XCConfigurationList;
			buildConfigurations = (
				CBB6107F232559BF007D5D65 /* Debug */,
				CBB61080232559BF007D5D65 /* Release */,
			);
			defaultConfigurationIsVisible = 0;
			defaultConfigurationName = Release;
		};
		CBB61081232559BF007D5D65 /* Build configuration list for PBXNativeTarget "AppStoreLikeAnimation" */ = {
			isa = XCConfigurationList;
			buildConfigurations = (
				CBB61082232559BF007D5D65 /* Debug */,
				CBB61083232559BF007D5D65 /* Release */,
			);
			defaultConfigurationIsVisible = 0;
			defaultConfigurationName = Release;
		};
/* End XCConfigurationList section */
	};
	rootObject = CBB61065232559BC007D5D65 /* Project object */;
}
