// !$*UTF8*$!
{
	archiveVersion = 1;
	classes = {
	};
	objectVersion = 50;
	objects = {

/* Begin PBXBuildFile section */
		CB68F31923161C2C00EC0F57 /* AppDelegate.swift in Sources */ = {isa = PBXBuildFile; fileRef = CB68F31823161C2C00EC0F57 /* AppDelegate.swift */; };
		CB68F31B23161C2C00EC0F57 /* SceneDelegate.swift in Sources */ = {isa = PBXBuildFile; fileRef = CB68F31A23161C2C00EC0F57 /* SceneDelegate.swift */; };
		CB68F31D23161C2C00EC0F57 /* ContentView.swift in Sources */ = {isa = PBXBuildFile; fileRef = CB68F31C23161C2C00EC0F57 /* ContentView.swift */; };
		CB68F31F23161C2D00EC0F57 /* Assets.xcassets in Resources */ = {isa = PBXBuildFile; fileRef = CB68F31E23161C2D00EC0F57 /* Assets.xcassets */; };
		CB68F32223161C2D00EC0F57 /* Preview Assets.xcassets in Resources */ = {isa = PBXBuildFile; fileRef = CB68F32123161C2D00EC0F57 /* Preview Assets.xcassets */; };
		CB68F32523161C2D00EC0F57 /* LaunchScreen.storyboard in Resources */ = {isa = PBXBuildFile; fileRef = CB68F32323161C2D00EC0F57 /* LaunchScreen.storyboard */; };
		CB68F32D2316E62300EC0F57 /* CustomSymbols.swift in Sources */ = {isa = PBXBuildFile; fileRef = CB68F32C2316E62300EC0F57 /* CustomSymbols.swift */; };
/* End PBXBuildFile section */

/* Begin PBXFileReference section */
		CB68F31523161C2C00EC0F57 /* SideMenuInteraction.app */ = {isa = PBXFileReference; explicitFileType = wrapper.application; includeInIndex = 0; path = SideMenuInteraction.app; sourceTree = BUILT_PRODUCTS_DIR; };
		CB68F31823161C2C00EC0F57 /* AppDelegate.swift */ = {isa = PBXFileReference; lastKnownFileType = sourcecode.swift; path = AppDelegate.swift; sourceTree = "<group>"; };
		CB68F31A23161C2C00EC0F57 /* SceneDelegate.swift */ = {isa = PBXFileReference; lastKnownFileType = sourcecode.swift; path = SceneDelegate.swift; sourceTree = "<group>"; };
		CB68F31C23161C2C00EC0F57 /* ContentView.swift */ = {isa = PBXFileReference; lastKnownFileType = sourcecode.swift; path = ContentView.swift; sourceTree = "<group>"; };
		CB68F31E23161C2D00EC0F57 /* Assets.xcassets */ = {isa = PBXFileReference; lastKnownFileType = folder.assetcatalog; path = Assets.xcassets; sourceTree = "<group>"; };
		CB68F32123161C2D00EC0F57 /* Preview Assets.xcassets */ = {isa = PBXFileReference; lastKnownFileType = folder.assetcatalog; path = "Preview Assets.xcassets"; sourceTree = "<group>"; };
		CB68F32423161C2D00EC0F57 /* Base */ = {isa = PBXFileReference; lastKnownFileType = file.storyboard; name = Base; path = Base.lproj/LaunchScreen.storyboard; sourceTree = "<group>"; };
		CB68F32623161C2D00EC0F57 /* Info.plist */ = {isa = PBXFileReference; lastKnownFileType = text.plist.xml; path = Info.plist; sourceTree = "<group>"; };
		CB68F32C2316E62300EC0F57 /* CustomSymbols.swift */ = {isa = PBXFileReference; lastKnownFileType = sourcecode.swift; path = CustomSymbols.swift; sourceTree = "<group>"; };
/* End PBXFileReference section */

/* Begin PBXFrameworksBuildPhase section */
		CB68F31223161C2C00EC0F57 /* Frameworks */ = {
			isa = PBXFrameworksBuildPhase;
			buildActionMask = 2147483647;
			files = (
			);
			runOnlyForDeploymentPostprocessing = 0;
		};
/* End PBXFrameworksBuildPhase section */

/* Begin PBXGroup section */
		CB68F30C23161C2C00EC0F57 = {
			isa = PBXGroup;
			children = (
				CB68F31723161C2C00EC0F57 /* SideMenuInteraction */,
				CB68F31623161C2C00EC0F57 /* Products */,
			);
			sourceTree = "<group>";
		};
		CB68F31623161C2C00EC0F57 /* Products */ = {
			isa = PBXGroup;
			children = (
				CB68F31523161C2C00EC0F57 /* SideMenuInteraction.app */,
			);
			name = Products;
			sourceTree = "<group>";
		};
		CB68F31723161C2C00EC0F57 /* SideMenuInteraction */ = {
			isa = PBXGroup;
			children = (
				CB68F31823161C2C00EC0F57 /* AppDelegate.swift */,
				CB68F32C2316E62300EC0F57 /* CustomSymbols.swift */,
				CB68F31A23161C2C00EC0F57 /* SceneDelegate.swift */,
				CB68F31C23161C2C00EC0F57 /* ContentView.swift */,
				CB68F31E23161C2D00EC0F57 /* Assets.xcassets */,
				CB68F32323161C2D00EC0F57 /* LaunchScreen.storyboard */,
				CB68F32623161C2D00EC0F57 /* Info.plist */,
				CB68F32023161C2D00EC0F57 /* Preview Content */,
			);
			path = SideMenuInteraction;
			sourceTree = "<group>";
		};
		CB68F32023161C2D00EC0F57 /* Preview Content */ = {
			isa = PBXGroup;
			children = (
				CB68F32123161C2D00EC0F57 /* Preview Assets.xcassets */,
			);
			path = "Preview Content";
			sourceTree = "<group>";
		};
/* End PBXGroup section */

/* Begin PBXNativeTarget section */
		CB68F31423161C2C00EC0F57 /* SideMenuInteraction */ = {
			isa = PBXNativeTarget;
			buildConfigurationList = CB68F32923161C2D00EC0F57 /* Build configuration list for PBXNativeTarget "SideMenuInteraction" */;
			buildPhases = (
				CB68F31123161C2C00EC0F57 /* Sources */,
				CB68F31223161C2C00EC0F57 /* Frameworks */,
				CB68F31323161C2C00EC0F57 /* Resources */,
			);
			buildRules = (
			);
			dependencies = (
			);
			name = SideMenuInteraction;
			productName = SideMenuInteraction;
			productReference = CB68F31523161C2C00EC0F57 /* SideMenuInteraction.app */;
			productType = "com.apple.product-type.application";
		};
/* End PBXNativeTarget section */

/* Begin PBXProject section */
		CB68F30D23161C2C00EC0F57 /* Project object */ = {
			isa = PBXProject;
			attributes = {
				LastSwiftUpdateCheck = 1100;
				LastUpgradeCheck = 1100;
				ORGANIZATIONNAME = "Frad LEE";
				TargetAttributes = {
					CB68F31423161C2C00EC0F57 = {
						CreatedOnToolsVersion = 11.0;
					};
				};
			};
			buildConfigurationList = CB68F31023161C2C00EC0F57 /* Build configuration list for PBXProject "SideMenuInteraction" */;
			compatibilityVersion = "Xcode 9.3";
			developmentRegion = en;
			hasScannedForEncodings = 0;
			knownRegions = (
				en,
				Base,
			);
			mainGroup = CB68F30C23161C2C00EC0F57;
			productRefGroup = CB68F31623161C2C00EC0F57 /* Products */;
			projectDirPath = "";
			projectRoot = "";
			targets = (
				CB68F31423161C2C00EC0F57 /* SideMenuInteraction */,
			);
		};
/* End PBXProject section */

/* Begin PBXResourcesBuildPhase section */
		CB68F31323161C2C00EC0F57 /* Resources */ = {
			isa = PBXResourcesBuildPhase;
			buildActionMask = 2147483647;
			files = (
				CB68F32523161C2D00EC0F57 /* LaunchScreen.storyboard in Resources */,
				CB68F32223161C2D00EC0F57 /* Preview Assets.xcassets in Resources */,
				CB68F31F23161C2D00EC0F57 /* Assets.xcassets in Resources */,
			);
			runOnlyForDeploymentPostprocessing = 0;
		};
/* End PBXResourcesBuildPhase section */

/* Begin PBXSourcesBuildPhase section */
		CB68F31123161C2C00EC0F57 /* Sources */ = {
			isa = PBXSourcesBuildPhase;
			buildActionMask = 2147483647;
			files = (
				CB68F31923161C2C00EC0F57 /* AppDelegate.swift in Sources */,
				CB68F31B23161C2C00EC0F57 /* SceneDelegate.swift in Sources */,
				CB68F32D2316E62300EC0F57 /* CustomSymbols.swift in Sources */,
				CB68F31D23161C2C00EC0F57 /* ContentView.swift in Sources */,
			);
			runOnlyForDeploymentPostprocessing = 0;
		};
/* End PBXSourcesBuildPhase section */

/* Begin PBXVariantGroup section */
		CB68F32323161C2D00EC0F57 /* LaunchScreen.storyboard */ = {
			isa = PBXVariantGroup;
			children = (
				CB68F32423161C2D00EC0F57 /* Base */,
			);
			name = LaunchScreen.storyboard;
			sourceTree = "<group>";
		};
/* End PBXVariantGroup section */

/* Begin XCBuildConfiguration section */
		CB68F32723161C2D00EC0F57 /* Debug */ = {
			isa = XCBuildConfiguration;
			buildSettings = {
				ALWAYS_SEARCH_USER_PATHS = NO;
				CLANG_ANALYZER_NONNULL = YES;
				CLANG_ANALYZER_NUMBER_OBJECT_CONVERSION = YES_AGGRESSIVE;
				CLANG_CXX_LANGUAGE_STANDARD = "gnu++14";
				CLANG_CXX_LIBRARY = "libc++";
				CLANG_ENABLE_MODULES = YES;
				CLANG_ENABLE_OBJC_ARC = YES;
				CLANG_ENABLE_OBJC_WEAK = YES;
				CLANG_WARN_BLOCK_CAPTURE_AUTORELEASING = YES;
				CLANG_WARN_BOOL_CONVERSION = YES;
				CLANG_WARN_COMMA = YES;
				CLANG_WARN_CONSTANT_CONVERSION = YES;
				CLANG_WARN_DEPRECATED_OBJC_IMPLEMENTATIONS = YES;
				CLANG_WARN_DIRECT_OBJC_ISA_USAGE = YES_ERROR;
				CLANG_WARN_DOCUMENTATION_COMMENTS = YES;
				CLANG_WARN_EMPTY_BODY = YES;
				CLANG_WARN_ENUM_CONVERSION = YES;
				CLANG_WARN_INFINITE_RECURSION = YES;
				CLANG_WARN_INT_CONVERSION = YES;
				CLANG_WARN_NON_LITERAL_NULL_CONVERSION = YES;
				CLANG_WARN_OBJC_IMPLICIT_RETAIN_SELF = YES;
				CLANG_WARN_OBJC_LITERAL_CONVERSION = YES;
				CLANG_WARN_OBJC_ROOT_CLASS = YES_ERROR;
				CLANG_WARN_RANGE_LOOP_ANALYSIS = YES;
				CLANG_WARN_STRICT_PROTOTYPES = YES;
				CLANG_WARN_SUSPICIOUS_MOVE = YES;
				CLANG_WARN_UNGUARDED_AVAILABILITY = YES_AGGRESSIVE;
				CLANG_WARN_UNREACHABLE_CODE = YES;
				CLANG_WARN__DUPLICATE_METHOD_MATCH = YES;
				COPY_PHASE_STRIP = NO;
				DEBUG_INFORMATION_FORMAT = dwarf;
				ENABLE_STRICT_OBJC_MSGSEND = YES;
				ENABLE_TESTABILITY = YES;
				GCC_C_LANGUAGE_STANDARD = gnu11;
				GCC_DYNAMIC_NO_PIC = NO;
				GCC_NO_COMMON_BLOCKS = YES;
				GCC_OPTIMIZATION_LEVEL = 0;
				GCC_PREPROCESSOR_DEFINITIONS = (
					"DEBUG=1",
					"$(inherited)",
				);
				GCC_WARN_64_TO_32_BIT_CONVERSION = YES;
				GCC_WARN_ABOUT_RETURN_TYPE = YES_ERROR;
				GCC_WARN_UNDECLARED_SELECTOR = YES;
				GCC_WARN_UNINITIALIZED_AUTOS = YES_AGGRESSIVE;
				GCC_WARN_UNUSED_FUNCTION = YES;
				GCC_WARN_UNUSED_VARIABLE = YES;
				IPHONEOS_DEPLOYMENT_TARGET = 13.0;
				MTL_ENABLE_DEBUG_INFO = INCLUDE_SOURCE;
				MTL_FAST_MATH = YES;
				ONLY_ACTIVE_ARCH = YES;
				SDKROOT = iphoneos;
				SWIFT_ACTIVE_COMPILATION_CONDITIONS = DEBUG;
				SWIFT_OPTIMIZATION_LEVEL = "-Onone";
			};
			name = Debug;
		};
		CB68F32823161C2D00EC0F57 /* Release */ = {
			isa = XCBuildConfiguration;
			buildSettings = {
				ALWAYS_SEARCH_USER_PATHS = NO;
				CLANG_ANALYZER_NONNULL = YES;
				CLANG_ANALYZER_NUMBER_OBJECT_CONVERSION = YES_AGGRESSIVE;
				CLANG_CXX_LANGUAGE_STANDARD = "gnu++14";
				CLANG_CXX_LIBRARY = "libc++";
				CLANG_ENABLE_MODULES = YES;
				CLANG_ENABLE_OBJC_ARC = YES;
				CLANG_ENABLE_OBJC_WEAK = YES;
				CLANG_WARN_BLOCK_CAPTURE_AUTORELEASING = YES;
				CLANG_WARN_BOOL_CONVERSION = YES;
				CLANG_WARN_COMMA = YES;
				CLANG_WARN_CONSTANT_CONVERSION = YES;
				CLANG_WARN_DEPRECATED_OBJC_IMPLEMENTATIONS = YES;
				CLANG_WARN_DIRECT_OBJC_ISA_USAGE = YES_ERROR;
				CLANG_WARN_DOCUMENTATION_COMMENTS = YES;
				CLANG_WARN_EMPTY_BODY = YES;
				CLANG_WARN_ENUM_CONVERSION = YES;
				CLANG_WARN_INFINITE_RECURSION = YES;
				CLANG_WARN_INT_CONVERSION = YES;
				CLANG_WARN_NON_LITERAL_NULL_CONVERSION = YES;
				CLANG_WARN_OBJC_IMPLICIT_RETAIN_SELF = YES;
				CLANG_WARN_OBJC_LITERAL_CONVERSION = YES;
				CLANG_WARN_OBJC_ROOT_CLASS = YES_ERROR;
				CLANG_WARN_RANGE_LOOP_ANALYSIS = YES;
				CLANG_WARN_STRICT_PROTOTYPES = YES;
				CLANG_WARN_SUSPICIOUS_MOVE = YES;
				CLANG_WARN_UNGUARDED_AVAILABILITY = YES_AGGRESSIVE;
				CLANG_WARN_UNREACHABLE_CODE = YES;
				CLANG_WARN__DUPLICATE_METHOD_MATCH = YES;
				COPY_PHASE_STRIP = NO;
				DEBUG_INFORMATION_FORMAT = "dwarf-with-dsym";
				ENABLE_NS_ASSERTIONS = NO;
				ENABLE_STRICT_OBJC_MSGSEND = YES;
				GCC_C_LANGUAGE_STANDARD = gnu11;
				GCC_NO_COMMON_BLOCKS = YES;
				GCC_WARN_64_TO_32_BIT_CONVERSION = YES;
				GCC_WARN_ABOUT_RETURN_TYPE = YES_ERROR;
				GCC_WARN_UNDECLARED_SELECTOR = YES;
				GCC_WARN_UNINITIALIZED_AUTOS = YES_AGGRESSIVE;
				GCC_WARN_UNUSED_FUNCTION = YES;
				GCC_WARN_UNUSED_VARIABLE = YES;
				IPHONEOS_DEPLOYMENT_TARGET = 13.0;
				MTL_ENABLE_DEBUG_INFO = NO;
				MTL_FAST_MATH = YES;
				SDKROOT = iphoneos;
				SWIFT_COMPILATION_MODE = wholemodule;
				SWIFT_OPTIMIZATION_LEVEL = "-O";
				VALIDATE_PRODUCT = YES;
			};
			name = Release;
		};
		CB68F32A23161C2D00EC0F57 /* Debug */ = {
			isa = XCBuildConfiguration;
			buildSettings = {
				ASSETCATALOG_COMPILER_APPICON_NAME = AppIcon;
				CODE_SIGN_STYLE = Automatic;
				DEVELOPMENT_ASSET_PATHS = "SideMenuInteraction/Preview\\ Content";
				DEVELOPMENT_TEAM = 6494F8NQFF;
				ENABLE_PREVIEWS = YES;
				INFOPLIST_FILE = SideMenuInteraction/Info.plist;
				LD_RUNPATH_SEARCH_PATHS = (
					"$(inherited)",
					"@executable_path/Frameworks",
				);
				PRODUCT_BUNDLE_IDENTIFIER = me.frad.SideMenuInteraction;
				PRODUCT_NAME = "$(TARGET_NAME)";
				SWIFT_VERSION = 5.0;
				TARGETED_DEVICE_FAMILY = "1,2";
			};
			name = Debug;
		};
		CB68F32B23161C2D00EC0F57 /* Release */ = {
			isa = XCBuildConfiguration;
			buildSettings = {
				ASSETCATALOG_COMPILER_APPICON_NAME = AppIcon;
				CODE_SIGN_STYLE = Automatic;
				DEVELOPMENT_ASSET_PATHS = "SideMenuInteraction/Preview\\ Content";
				DEVELOPMENT_TEAM = 6494F8NQFF;
				ENABLE_PREVIEWS = YES;
				INFOPLIST_FILE = SideMenuInteraction/Info.plist;
				LD_RUNPATH_SEARCH_PATHS = (
					"$(inherited)",
					"@executable_path/Frameworks",
				);
				PRODUCT_BUNDLE_IDENTIFIER = me.frad.SideMenuInteraction;
				PRODUCT_NAME = "$(TARGET_NAME)";
				SWIFT_VERSION = 5.0;
				TARGETED_DEVICE_FAMILY = "1,2";
			};
			name = Release;
		};
/* End XCBuildConfiguration section */

/* Begin XCConfigurationList section */
		CB68F31023161C2C00EC0F57 /* Build configuration list for PBXProject "SideMenuInteraction" */ = {
			isa = XCConfigurationList;
			buildConfigurations = (
				CB68F32723161C2D00EC0F57 /* Debug */,
				CB68F32823161C2D00EC0F57 /* Release */,
			);
			defaultConfigurationIsVisible = 0;
			defaultConfigurationName = Release;
		};
		CB68F32923161C2D00EC0F57 /* Build configuration list for PBXNativeTarget "SideMenuInteraction" */ = {
			isa = XCConfigurationList;
			buildConfigurations = (
				CB68F32A23161C2D00EC0F57 /* Debug */,
				CB68F32B23161C2D00EC0F57 /* Release */,
			);
			defaultConfigurationIsVisible = 0;
			defaultConfigurationName = Release;
		};
/* End XCConfigurationList section */
	};
	rootObject = CB68F30D23161C2C00EC0F57 /* Project object */;
}
