// !$*UTF8*$!
{
	archiveVersion = 1;
	classes = {
	};
	objectVersion = 50;
	objects = {

/* Begin PBXBuildFile section */
		CB1B7D2622F739DB005E737A /* AppDelegate.swift in Sources */ = {isa = PBXBuildFile; fileRef = CB1B7D2522F739DB005E737A /* AppDelegate.swift */; };
		CB1B7D2822F739DB005E737A /* SceneDelegate.swift in Sources */ = {isa = PBXBuildFile; fileRef = CB1B7D2722F739DB005E737A /* SceneDelegate.swift */; };
		CB1B7D2A22F739DB005E737A /* ContentView.swift in Sources */ = {isa = PBXBuildFile; fileRef = CB1B7D2922F739DB005E737A /* ContentView.swift */; };
		CB1B7D2C22F739DF005E737A /* Assets.xcassets in Resources */ = {isa = PBXBuildFile; fileRef = CB1B7D2B22F739DF005E737A /* Assets.xcassets */; };
		CB1B7D2F22F739DF005E737A /* Preview Assets.xcassets in Resources */ = {isa = PBXBuildFile; fileRef = CB1B7D2E22F739DF005E737A /* Preview Assets.xcassets */; };
		CB1B7D3222F739DF005E737A /* LaunchScreen.storyboard in Resources */ = {isa = PBXBuildFile; fileRef = CB1B7D3022F739DF005E737A /* LaunchScreen.storyboard */; };
/* End PBXBuildFile section */

/* Begin PBXFileReference section */
		CB1B7D2222F739DB005E737A /* PlusOneSecond.app */ = {isa = PBXFileReference; explicitFileType = wrapper.application; includeInIndex = 0; path = PlusOneSecond.app; sourceTree = BUILT_PRODUCTS_DIR; };
		CB1B7D2522F739DB005E737A /* AppDelegate.swift */ = {isa = PBXFileReference; lastKnownFileType = sourcecode.swift; path = AppDelegate.swift; sourceTree = "<group>"; };
		CB1B7D2722F739DB005E737A /* SceneDelegate.swift */ = {isa = PBXFileReference; lastKnownFileType = sourcecode.swift; path = SceneDelegate.swift; sourceTree = "<group>"; };
		CB1B7D2922F739DB005E737A /* ContentView.swift */ = {isa = PBXFileReference; lastKnownFileType = sourcecode.swift; path = ContentView.swift; sourceTree = "<group>"; };
		CB1B7D2B22F739DF005E737A /* Assets.xcassets */ = {isa = PBXFileReference; lastKnownFileType = folder.assetcatalog; path = Assets.xcassets; sourceTree = "<group>"; };
		CB1B7D2E22F739DF005E737A /* Preview Assets.xcassets */ = {isa = PBXFileReference; lastKnownFileType = folder.assetcatalog; path = "Preview Assets.xcassets"; sourceTree = "<group>"; };
		CB1B7D3122F739DF005E737A /* Base */ = {isa = PBXFileReference; lastKnownFileType = file.storyboard; name = Base; path = Base.lproj/LaunchScreen.storyboard; sourceTree = "<group>"; };
		CB1B7D3322F739DF005E737A /* Info.plist */ = {isa = PBXFileReference; lastKnownFileType = text.plist.xml; path = Info.plist; sourceTree = "<group>"; };
/* End PBXFileReference section */

/* Begin PBXFrameworksBuildPhase section */
		CB1B7D1F22F739DB005E737A /* Frameworks */ = {
			isa = PBXFrameworksBuildPhase;
			buildActionMask = 2147483647;
			files = (
			);
			runOnlyForDeploymentPostprocessing = 0;
		};
/* End PBXFrameworksBuildPhase section */

/* Begin PBXGroup section */
		CB1B7D1922F739DB005E737A = {
			isa = PBXGroup;
			children = (
				CB1B7D2422F739DB005E737A /* PlusOneSecond */,
				CB1B7D2322F739DB005E737A /* Products */,
			);
			sourceTree = "<group>";
		};
		CB1B7D2322F739DB005E737A /* Products */ = {
			isa = PBXGroup;
			children = (
				CB1B7D2222F739DB005E737A /* PlusOneSecond.app */,
			);
			name = Products;
			sourceTree = "<group>";
		};
		CB1B7D2422F739DB005E737A /* PlusOneSecond */ = {
			isa = PBXGroup;
			children = (
				CB1B7D2522F739DB005E737A /* AppDelegate.swift */,
				CB1B7D2722F739DB005E737A /* SceneDelegate.swift */,
				CB1B7D2922F739DB005E737A /* ContentView.swift */,
				CB1B7D2B22F739DF005E737A /* Assets.xcassets */,
				CB1B7D3022F739DF005E737A /* LaunchScreen.storyboard */,
				CB1B7D3322F739DF005E737A /* Info.plist */,
				CB1B7D2D22F739DF005E737A /* Preview Content */,
			);
			path = PlusOneSecond;
			sourceTree = "<group>";
		};
		CB1B7D2D22F739DF005E737A /* Preview Content */ = {
			isa = PBXGroup;
			children = (
				CB1B7D2E22F739DF005E737A /* Preview Assets.xcassets */,
			);
			path = "Preview Content";
			sourceTree = "<group>";
		};
/* End PBXGroup section */

/* Begin PBXNativeTarget section */
		CB1B7D2122F739DB005E737A /* PlusOneSecond */ = {
			isa = PBXNativeTarget;
			buildConfigurationList = CB1B7D3622F739DF005E737A /* Build configuration list for PBXNativeTarget "PlusOneSecond" */;
			buildPhases = (
				CB1B7D1E22F739DB005E737A /* Sources */,
				CB1B7D1F22F739DB005E737A /* Frameworks */,
				CB1B7D2022F739DB005E737A /* Resources */,
			);
			buildRules = (
			);
			dependencies = (
			);
			name = PlusOneSecond;
			productName = PlusOneSecond;
			productReference = CB1B7D2222F739DB005E737A /* PlusOneSecond.app */;
			productType = "com.apple.product-type.application";
		};
/* End PBXNativeTarget section */

/* Begin PBXProject section */
		CB1B7D1A22F739DB005E737A /* Project object */ = {
			isa = PBXProject;
			attributes = {
				LastSwiftUpdateCheck = 1100;
				LastUpgradeCheck = 1100;
				ORGANIZATIONNAME = "Frad LEE";
				TargetAttributes = {
					CB1B7D2122F739DB005E737A = {
						CreatedOnToolsVersion = 11.0;
					};
				};
			};
			buildConfigurationList = CB1B7D1D22F739DB005E737A /* Build configuration list for PBXProject "PlusOneSecond" */;
			compatibilityVersion = "Xcode 9.3";
			developmentRegion = en;
			hasScannedForEncodings = 0;
			knownRegions = (
				en,
				Base,
			);
			mainGroup = CB1B7D1922F739DB005E737A;
			productRefGroup = CB1B7D2322F739DB005E737A /* Products */;
			projectDirPath = "";
			projectRoot = "";
			targets = (
				CB1B7D2122F739DB005E737A /* PlusOneSecond */,
			);
		};
/* End PBXProject section */

/* Begin PBXResourcesBuildPhase section */
		CB1B7D2022F739DB005E737A /* Resources */ = {
			isa = PBXResourcesBuildPhase;
			buildActionMask = 2147483647;
			files = (
				CB1B7D3222F739DF005E737A /* LaunchScreen.storyboard in Resources */,
				CB1B7D2F22F739DF005E737A /* Preview Assets.xcassets in Resources */,
				CB1B7D2C22F739DF005E737A /* Assets.xcassets in Resources */,
			);
			runOnlyForDeploymentPostprocessing = 0;
		};
/* End PBXResourcesBuildPhase section */

/* Begin PBXSourcesBuildPhase section */
		CB1B7D1E22F739DB005E737A /* Sources */ = {
			isa = PBXSourcesBuildPhase;
			buildActionMask = 2147483647;
			files = (
				CB1B7D2622F739DB005E737A /* AppDelegate.swift in Sources */,
				CB1B7D2822F739DB005E737A /* SceneDelegate.swift in Sources */,
				CB1B7D2A22F739DB005E737A /* ContentView.swift in Sources */,
			);
			runOnlyForDeploymentPostprocessing = 0;
		};
/* End PBXSourcesBuildPhase section */

/* Begin PBXVariantGroup section */
		CB1B7D3022F739DF005E737A /* LaunchScreen.storyboard */ = {
			isa = PBXVariantGroup;
			children = (
				CB1B7D3122F739DF005E737A /* Base */,
			);
			name = LaunchScreen.storyboard;
			sourceTree = "<group>";
		};
/* End PBXVariantGroup section */

/* Begin XCBuildConfiguration section */
		CB1B7D3422F739DF005E737A /* Debug */ = {
			isa = XCBuildConfiguration;
			buildSettings = {
				ALWAYS_SEARCH_USER_PATHS = NO;
				CLANG_ANALYZER_NONNULL = YES;
				CLANG_ANALYZER_NUMBER_OBJECT_CONVERSION = YES_AGGRESSIVE;
				CLANG_CXX_LANGUAGE_STANDARD = "gnu++14";
				CLANG_CXX_LIBRARY = "libc++";
				CLANG_ENABLE_MODULES = YES;
				CLANG_ENABLE_OBJC_ARC = YES;
				CLANG_ENABLE_OBJC_WEAK = YES;
				CLANG_WARN_BLOCK_CAPTURE_AUTORELEASING = YES;
				CLANG_WARN_BOOL_CONVERSION = YES;
				CLANG_WARN_COMMA = YES;
				CLANG_WARN_CONSTANT_CONVERSION = YES;
				CLANG_WARN_DEPRECATED_OBJC_IMPLEMENTATIONS = YES;
				CLANG_WARN_DIRECT_OBJC_ISA_USAGE = YES_ERROR;
				CLANG_WARN_DOCUMENTATION_COMMENTS = YES;
				CLANG_WARN_EMPTY_BODY = YES;
				CLANG_WARN_ENUM_CONVERSION = YES;
				CLANG_WARN_INFINITE_RECURSION = YES;
				CLANG_WARN_INT_CONVERSION = YES;
				CLANG_WARN_NON_LITERAL_NULL_CONVERSION = YES;
				CLANG_WARN_OBJC_IMPLICIT_RETAIN_SELF = YES;
				CLANG_WARN_OBJC_LITERAL_CONVERSION = YES;
				CLANG_WARN_OBJC_ROOT_CLASS = YES_ERROR;
				CLANG_WARN_RANGE_LOOP_ANALYSIS = YES;
				CLANG_WARN_STRICT_PROTOTYPES = YES;
				CLANG_WARN_SUSPICIOUS_MOVE = YES;
				CLANG_WARN_UNGUARDED_AVAILABILITY = YES_AGGRESSIVE;
				CLANG_WARN_UNREACHABLE_CODE = YES;
				CLANG_WARN__DUPLICATE_METHOD_MATCH = YES;
				COPY_PHASE_STRIP = NO;
				DEBUG_INFORMATION_FORMAT = dwarf;
				ENABLE_STRICT_OBJC_MSGSEND = YES;
				ENABLE_TESTABILITY = YES;
				GCC_C_LANGUAGE_STANDARD = gnu11;
				GCC_DYNAMIC_NO_PIC = NO;
				GCC_NO_COMMON_BLOCKS = YES;
				GCC_OPTIMIZATION_LEVEL = 0;
				GCC_PREPROCESSOR_DEFINITIONS = (
					"DEBUG=1",
					"$(inherited)",
				);
				GCC_WARN_64_TO_32_BIT_CONVERSION = YES;
				GCC_WARN_ABOUT_RETURN_TYPE = YES_ERROR;
				GCC_WARN_UNDECLARED_SELECTOR = YES;
				GCC_WARN_UNINITIALIZED_AUTOS = YES_AGGRESSIVE;
				GCC_WARN_UNUSED_FUNCTION = YES;
				GCC_WARN_UNUSED_VARIABLE = YES;
				IPHONEOS_DEPLOYMENT_TARGET = 13.0;
				MTL_ENABLE_DEBUG_INFO = INCLUDE_SOURCE;
				MTL_FAST_MATH = YES;
				ONLY_ACTIVE_ARCH = YES;
				SDKROOT = iphoneos;
				SWIFT_ACTIVE_COMPILATION_CONDITIONS = DEBUG;
				SWIFT_OPTIMIZATION_LEVEL = "-Onone";
			};
			name = Debug;
		};
		CB1B7D3522F739DF005E737A /* Release */ = {
			isa = XCBuildConfiguration;
			buildSettings = {
				ALWAYS_SEARCH_USER_PATHS = NO;
				CLANG_ANALYZER_NONNULL = YES;
				CLANG_ANALYZER_NUMBER_OBJECT_CONVERSION = YES_AGGRESSIVE;
				CLANG_CXX_LANGUAGE_STANDARD = "gnu++14";
				CLANG_CXX_LIBRARY = "libc++";
				CLANG_ENABLE_MODULES = YES;
				CLANG_ENABLE_OBJC_ARC = YES;
				CLANG_ENABLE_OBJC_WEAK = YES;
				CLANG_WARN_BLOCK_CAPTURE_AUTORELEASING = YES;
				CLANG_WARN_BOOL_CONVERSION = YES;
				CLANG_WARN_COMMA = YES;
				CLANG_WARN_CONSTANT_CONVERSION = YES;
				CLANG_WARN_DEPRECATED_OBJC_IMPLEMENTATIONS = YES;
				CLANG_WARN_DIRECT_OBJC_ISA_USAGE = YES_ERROR;
				CLANG_WARN_DOCUMENTATION_COMMENTS = YES;
				CLANG_WARN_EMPTY_BODY = YES;
				CLANG_WARN_ENUM_CONVERSION = YES;
				CLANG_WARN_INFINITE_RECURSION = YES;
				CLANG_WARN_INT_CONVERSION = YES;
				CLANG_WARN_NON_LITERAL_NULL_CONVERSION = YES;
				CLANG_WARN_OBJC_IMPLICIT_RETAIN_SELF = YES;
				CLANG_WARN_OBJC_LITERAL_CONVERSION = YES;
				CLANG_WARN_OBJC_ROOT_CLASS = YES_ERROR;
				CLANG_WARN_RANGE_LOOP_ANALYSIS = YES;
				CLANG_WARN_STRICT_PROTOTYPES = YES;
				CLANG_WARN_SUSPICIOUS_MOVE = YES;
				CLANG_WARN_UNGUARDED_AVAILABILITY = YES_AGGRESSIVE;
				CLANG_WARN_UNREACHABLE_CODE = YES;
				CLANG_WARN__DUPLICATE_METHOD_MATCH = YES;
				COPY_PHASE_STRIP = NO;
				DEBUG_INFORMATION_FORMAT = "dwarf-with-dsym";
				ENABLE_NS_ASSERTIONS = NO;
				ENABLE_STRICT_OBJC_MSGSEND = YES;
				GCC_C_LANGUAGE_STANDARD = gnu11;
				GCC_NO_COMMON_BLOCKS = YES;
				GCC_WARN_64_TO_32_BIT_CONVERSION = YES;
				GCC_WARN_ABOUT_RETURN_TYPE = YES_ERROR;
				GCC_WARN_UNDECLARED_SELECTOR = YES;
				GCC_WARN_UNINITIALIZED_AUTOS = YES_AGGRESSIVE;
				GCC_WARN_UNUSED_FUNCTION = YES;
				GCC_WARN_UNUSED_VARIABLE = YES;
				IPHONEOS_DEPLOYMENT_TARGET = 13.0;
				MTL_ENABLE_DEBUG_INFO = NO;
				MTL_FAST_MATH = YES;
				SDKROOT = iphoneos;
				SWIFT_COMPILATION_MODE = wholemodule;
				SWIFT_OPTIMIZATION_LEVEL = "-O";
				VALIDATE_PRODUCT = YES;
			};
			name = Release;
		};
		CB1B7D3722F739DF005E737A /* Debug */ = {
			isa = XCBuildConfiguration;
			buildSettings = {
				ASSETCATALOG_COMPILER_APPICON_NAME = AppIcon;
				CODE_SIGN_STYLE = Automatic;
				DEVELOPMENT_ASSET_PATHS = "PlusOneSecond/Preview\\ Content";
				DEVELOPMENT_TEAM = 6494F8NQFF;
				ENABLE_PREVIEWS = YES;
				INFOPLIST_FILE = PlusOneSecond/Info.plist;
				LD_RUNPATH_SEARCH_PATHS = (
					"$(inherited)",
					"@executable_path/Frameworks",
				);
				PRODUCT_BUNDLE_IDENTIFIER = me.frad.PlusOneSecond;
				PRODUCT_NAME = "$(TARGET_NAME)";
				SWIFT_VERSION = 5.0;
				TARGETED_DEVICE_FAMILY = "1,2";
			};
			name = Debug;
		};
		CB1B7D3822F739DF005E737A /* Release */ = {
			isa = XCBuildConfiguration;
			buildSettings = {
				ASSETCATALOG_COMPILER_APPICON_NAME = AppIcon;
				CODE_SIGN_STYLE = Automatic;
				DEVELOPMENT_ASSET_PATHS = "PlusOneSecond/Preview\\ Content";
				DEVELOPMENT_TEAM = 6494F8NQFF;
				ENABLE_PREVIEWS = YES;
				INFOPLIST_FILE = PlusOneSecond/Info.plist;
				LD_RUNPATH_SEARCH_PATHS = (
					"$(inherited)",
					"@executable_path/Frameworks",
				);
				PRODUCT_BUNDLE_IDENTIFIER = me.frad.PlusOneSecond;
				PRODUCT_NAME = "$(TARGET_NAME)";
				SWIFT_VERSION = 5.0;
				TARGETED_DEVICE_FAMILY = "1,2";
			};
			name = Release;
		};
/* End XCBuildConfiguration section */

/* Begin XCConfigurationList section */
		CB1B7D1D22F739DB005E737A /* Build configuration list for PBXProject "PlusOneSecond" */ = {
			isa = XCConfigurationList;
			buildConfigurations = (
				CB1B7D3422F739DF005E737A /* Debug */,
				CB1B7D3522F739DF005E737A /* Release */,
			);
			defaultConfigurationIsVisible = 0;
			defaultConfigurationName = Release;
		};
		CB1B7D3622F739DF005E737A /* Build configuration list for PBXNativeTarget "PlusOneSecond" */ = {
			isa = XCConfigurationList;
			buildConfigurations = (
				CB1B7D3722F739DF005E737A /* Debug */,
				CB1B7D3822F739DF005E737A /* Release */,
			);
			defaultConfigurationIsVisible = 0;
			defaultConfigurationName = Release;
		};
/* End XCConfigurationList section */
	};
	rootObject = CB1B7D1A22F739DB005E737A /* Project object */;
}
